{
  "nodes": {
    "nixpkgs": {
      "locked": {
        "lastModified": 1785104993,
        "narHash": "sha256-eKbrvPoAOFutbYMdbB3r5EQVmFxKv24iKqHPPUXA0gM=",
        "owner": "NixOS",
        "repo": "nixpkgs",
        "rev": "8623c4c20aa4ca2f5fb81510d2944066c3fb0d96",
        "type": "github"
      },
      "original": {
        "owner": "NixOS",
        "ref": "nixos-26.05",
        "repo": "nixpkgs",
        "type": "github"
      }
    },
    "root": {
      "inputs": {
        "nixpkgs": "nixpkgs"
      }
    }
  },
  "root": "root",
  "version": 7
}
